
Microsoft Visual Studio Solution File, Format Version 12.00
Project("{FAE04EC0-301F-11D3-BF4B-00C04F79EFBC}") = "WebAPI", "WebAPI\WebAPI.csproj", "{0C5CAE13-97FD-4E4D-AE60-43B786836462}"
EndProject
Project("{FAE04EC0-301F-11D3-BF4B-00C04F79EFBC}") = "WebAppRazorPage", "WebAppRazorPage\WebAppRazorPage.csproj", "{D2482B6D-893C-4ADD-83A2-3652F158B5D0}"
EndProject
Global
	GlobalSection(SolutionConfigurationPlatforms) = preSolution
		Debug|Any CPU = Debug|Any CPU
		Release|Any CPU = Release|Any CPU
	EndGlobalSection
	GlobalSection(ProjectConfigurationPlatforms) = postSolution
		{0C5CAE13-97FD-4E4D-AE60-43B786836462}.Debug|Any CPU.ActiveCfg = Debug|Any CPU
		{0C5CAE13-97FD-4E4D-AE60-43B786836462}.Debug|Any CPU.Build.0 = Debug|Any CPU
		{0C5CAE13-97FD-4E4D-AE60-43B786836462}.Release|Any CPU.ActiveCfg = Release|Any CPU
		{0C5CAE13-97FD-4E4D-AE60-43B786836462}.Release|Any CPU.Build.0 = Release|Any CPU
		{D2482B6D-893C-4ADD-83A2-3652F158B5D0}.Debug|Any CPU.ActiveCfg = Debug|Any CPU
		{D2482B6D-893C-4ADD-83A2-3652F158B5D0}.Debug|Any CPU.Build.0 = Debug|Any CPU
		{D2482B6D-893C-4ADD-83A2-3652F158B5D0}.Release|Any CPU.ActiveCfg = Release|Any CPU
		{D2482B6D-893C-4ADD-83A2-3652F158B5D0}.Release|Any CPU.Build.0 = Release|Any CPU
	EndGlobalSection
EndGlobal
